// !$*UTF8*$!
{
	archiveVersion = 1;
	classes = {
	};
	objectVersion = 46;
	objects = {

/* Begin PBXBuildFile section */
		86A7CBB21D5E0E22004721A9 /* AppDelegate.swift in Sources */ = {isa = PBXBuildFile; fileRef = 86A7CBB11D5E0E22004721A9 /* AppDelegate.swift */; };
		86A7CBB41D5E0E22004721A9 /* ViewController.swift in Sources */ = {isa = PBXBuildFile; fileRef = 86A7CBB31D5E0E22004721A9 /* ViewController.swift */; };
		86A7CBB71D5E0E22004721A9 /* Main.storyboard in Resources */ = {isa = PBXBuildFile; fileRef = 86A7CBB51D5E0E22004721A9 /* Main.storyboard */; };
		86A7CBB91D5E0E22004721A9 /* Assets.xcassets in Resources */ = {isa = PBXBuildFile; fileRef = 86A7CBB81D5E0E22004721A9 /* Assets.xcassets */; };
		86A7CBBC1D5E0E22004721A9 /* LaunchScreen.storyboard in Resources */ = {isa = PBXBuildFile; fileRef = 86A7CBBA1D5E0E22004721A9 /* LaunchScreen.storyboard */; };
		86A7CBC41D5E0E47004721A9 /* VKAfterTimeTextField.swift in Sources */ = {isa = PBXBuildFile; fileRef = 86A7CBC31D5E0E47004721A9 /* VKAfterTimeTextField.swift */; };
/* End PBXBuildFile section */

/* Begin PBXFileReference section */
		86A7CBAE1D5E0E22004721A9 /* VKATTextFieldExample-Swift.app */ = {isa = PBXFileReference; explicitFileType = wrapper.application; includeInIndex = 0; path = "VKATTextFieldExample-Swift.app"; sourceTree = BUILT_PRODUCTS_DIR; };
		86A7CBB11D5E0E22004721A9 /* AppDelegate.swift */ = {isa = PBXFileReference; lastKnownFileType = sourcecode.swift; path = AppDelegate.swift; sourceTree = "<group>"; };
		86A7CBB31D5E0E22004721A9 /* ViewController.swift */ = {isa = PBXFileReference; lastKnownFileType = sourcecode.swift; path = ViewController.swift; sourceTree = "<group>"; };
		86A7CBB61D5E0E22004721A9 /* Base */ = {isa = PBXFileReference; lastKnownFileType = file.storyboard; name = Base; path = Base.lproj/Main.storyboard; sourceTree = "<group>"; };
		86A7CBB81D5E0E22004721A9 /* Assets.xcassets */ = {isa = PBXFileReference; lastKnownFileType = folder.assetcatalog; path = Assets.xcassets; sourceTree = "<group>"; };
		86A7CBBB1D5E0E22004721A9 /* Base */ = {isa = PBXFileReference; lastKnownFileType = file.storyboard; name = Base; path = Base.lproj/LaunchScreen.storyboard; sourceTree = "<group>"; };
		86A7CBBD1D5E0E22004721A9 /* Info.plist */ = {isa = PBXFileReference; lastKnownFileType = text.plist.xml; path = Info.plist; sourceTree = "<group>"; };
		86A7CBC31D5E0E47004721A9 /* VKAfterTimeTextField.swift */ = {isa = PBXFileReference; fileEncoding = 4; lastKnownFileType = sourcecode.swift; name = VKAfterTimeTextField.swift; path = ../../Swift/VKAfterTimeTextField.swift; sourceTree = "<group>"; };
/* End PBXFileReference section */

/* Begin PBXFrameworksBuildPhase section */
		86A7CBAB1D5E0E22004721A9 /* Frameworks */ = {
			isa = PBXFrameworksBuildPhase;
			buildActionMask = 2147483647;
			files = (
			);
			runOnlyForDeploymentPostprocessing = 0;
		};
/* End PBXFrameworksBuildPhase section */

/* Begin PBXGroup section */
		86A7CBA51D5E0E21004721A9 = {
			isa = PBXGroup;
			children = (
				86A7CBB01D5E0E22004721A9 /* VKATTextFieldExample-Swift */,
				86A7CBAF1D5E0E22004721A9 /* Products */,
			);
			sourceTree = "<group>";
		};
		86A7CBAF1D5E0E22004721A9 /* Products */ = {
			isa = PBXGroup;
			children = (
				86A7CBAE1D5E0E22004721A9 /* VKATTextFieldExample-Swift.app */,
			);
			name = Products;
			sourceTree = "<group>";
		};
		86A7CBB01D5E0E22004721A9 /* VKATTextFieldExample-Swift */ = {
			isa = PBXGroup;
			children = (
				86A7CBB11D5E0E22004721A9 /* AppDelegate.swift */,
				86A7CBB31D5E0E22004721A9 /* ViewController.swift */,
				86A7CBC31D5E0E47004721A9 /* VKAfterTimeTextField.swift */,
				86A7CBB51D5E0E22004721A9 /* Main.storyboard */,
				86A7CBB81D5E0E22004721A9 /* Assets.xcassets */,
				86A7CBBA1D5E0E22004721A9 /* LaunchScreen.storyboard */,
				86A7CBBD1D5E0E22004721A9 /* Info.plist */,
			);
			path = "VKATTextFieldExample-Swift";
			sourceTree = "<group>";
		};
/* End PBXGroup section */

/* Begin PBXNativeTarget section */
		86A7CBAD1D5E0E22004721A9 /* VKATTextFieldExample-Swift */ = {
			isa = PBXNativeTarget;
			buildConfigurationList = 86A7CBC01D5E0E22004721A9 /* Build configuration list for PBXNativeTarget "VKATTextFieldExample-Swift" */;
			buildPhases = (
				86A7CBAA1D5E0E22004721A9 /* Sources */,
				86A7CBAB1D5E0E22004721A9 /* Frameworks */,
				86A7CBAC1D5E0E22004721A9 /* Resources */,
			);
			buildRules = (
			);
			dependencies = (
			);
			name = "VKATTextFieldExample-Swift";
			productName = "VKATTextFieldExample-Swift";
			productReference = 86A7CBAE1D5E0E22004721A9 /* VKATTextFieldExample-Swift.app */;
			productType = "com.apple.product-type.application";
		};
/* End PBXNativeTarget section */

/* Begin PBXProject section */
		86A7CBA61D5E0E21004721A9 /* Project object */ = {
			isa = PBXProject;
			attributes = {
				LastSwiftUpdateCheck = 0730;
				LastUpgradeCheck = 0730;
				ORGANIZATIONNAME = "Vladislav Kovalyov";
				TargetAttributes = {
					86A7CBAD1D5E0E22004721A9 = {
						CreatedOnToolsVersion = 7.3.1;
					};
				};
			};
			buildConfigurationList = 86A7CBA91D5E0E21004721A9 /* Build configuration list for PBXProject "VKATTextFieldExample-Swift" */;
			compatibilityVersion = "Xcode 3.2";
			developmentRegion = English;
			hasScannedForEncodings = 0;
			knownRegions = (
				en,
				Base,
			);
			mainGroup = 86A7CBA51D5E0E21004721A9;
			productRefGroup = 86A7CBAF1D5E0E22004721A9 /* Products */;
			projectDirPath = "";
			projectRoot = "";
			targets = (
				86A7CBAD1D5E0E22004721A9 /* VKATTextFieldExample-Swift */,
			);
		};
/* End PBXProject section */

/* Begin PBXResourcesBuildPhase section */
		86A7CBAC1D5E0E22004721A9 /* Resources */ = {
			isa = PBXResourcesBuildPhase;
			buildActionMask = 2147483647;
			files = (
				86A7CBBC1D5E0E22004721A9 /* LaunchScreen.storyboard in Resources */,
				86A7CBB91D5E0E22004721A9 /* Assets.xcassets in Resources */,
				86A7CBB71D5E0E22004721A9 /* Main.storyboard in Resources */,
			);
			runOnlyForDeploymentPostprocessing = 0;
		};
/* End PBXResourcesBuildPhase section */

/* Begin PBXSourcesBuildPhase section */
		86A7CBAA1D5E0E22004721A9 /* Sources */ = {
			isa = PBXSourcesBuildPhase;
			buildActionMask = 2147483647;
			files = (
				86A7CBC41D5E0E47004721A9 /* VKAfterTimeTextField.swift in Sources */,
				86A7CBB41D5E0E22004721A9 /* ViewController.swift in Sources */,
				86A7CBB21D5E0E22004721A9 /* AppDelegate.swift in Sources */,
			);
			runOnlyForDeploymentPostprocessing = 0;
		};
/* End PBXSourcesBuildPhase section */

/* Begin PBXVariantGroup section */
		86A7CBB51D5E0E22004721A9 /* Main.storyboard */ = {
			isa = PBXVariantGroup;
			children = (
				86A7CBB61D5E0E22004721A9 /* Base */,
			);
			name = Main.storyboard;
			sourceTree = "<group>";
		};
		86A7CBBA1D5E0E22004721A9 /* LaunchScreen.storyboard */ = {
			isa = PBXVariantGroup;
			children = (
				86A7CBBB1D5E0E22004721A9 /* Base */,
			);
			name = LaunchScreen.storyboard;
			sourceTree = "<group>";
		};
/* End PBXVariantGroup section */

/* Begin XCBuildConfiguration section */
		86A7CBBE1D5E0E22004721A9 /* Debug */ = {
			isa = XCBuildConfiguration;
			buildSettings = {
				ALWAYS_SEARCH_USER_PATHS = NO;
				CLANG_ANALYZER_NONNULL = YES;
				CLANG_CXX_LANGUAGE_STANDARD = "gnu++0x";
				CLANG_CXX_LIBRARY = "libc++";
				CLANG_ENABLE_MODULES = YES;
				CLANG_ENABLE_OBJC_ARC = YES;
				CLANG_WARN_BOOL_CONVERSION = YES;
				CLANG_WARN_CONSTANT_CONVERSION = YES;
				CLANG_WARN_DIRECT_OBJC_ISA_USAGE = YES_ERROR;
				CLANG_WARN_EMPTY_BODY = YES;
				CLANG_WARN_ENUM_CONVERSION = YES;
				CLANG_WARN_INT_CONVERSION = YES;
				CLANG_WARN_OBJC_ROOT_CLASS = YES_ERROR;
				CLANG_WARN_UNREACHABLE_CODE = YES;
				CLANG_WARN__DUPLICATE_METHOD_MATCH = YES;
				"CODE_SIGN_IDENTITY[sdk=iphoneos*]" = "iPhone Developer";
				COPY_PHASE_STRIP = NO;
				DEBUG_INFORMATION_FORMAT = dwarf;
				ENABLE_STRICT_OBJC_MSGSEND = YES;
				ENABLE_TESTABILITY = YES;
				GCC_C_LANGUAGE_STANDARD = gnu99;
				GCC_DYNAMIC_NO_PIC = NO;
				GCC_NO_COMMON_BLOCKS = YES;
				GCC_OPTIMIZATION_LEVEL = 0;
				GCC_PREPROCESSOR_DEFINITIONS = (
					"DEBUG=1",
					"$(inherited)",
				);
				GCC_WARN_64_TO_32_BIT_CONVERSION = YES;
				GCC_WARN_ABOUT_RETURN_TYPE = YES_ERROR;
				GCC_WARN_UNDECLARED_SELECTOR = YES;
				GCC_WARN_UNINITIALIZED_AUTOS = YES_AGGRESSIVE;
				GCC_WARN_UNUSED_FUNCTION = YES;
				GCC_WARN_UNUSED_VARIABLE = YES;
				IPHONEOS_DEPLOYMENT_TARGET = 9.3;
				MTL_ENABLE_DEBUG_INFO = YES;
				ONLY_ACTIVE_ARCH = YES;
				SDKROOT = iphoneos;
				SWIFT_OPTIMIZATION_LEVEL = "-Onone";
			};
			name = Debug;
		};
		86A7CBBF1D5E0E22004721A9 /* Release */ = {
			isa = XCBuildConfiguration;
			buildSettings = {
				ALWAYS_SEARCH_USER_PATHS = NO;
				CLANG_ANALYZER_NONNULL = YES;
				CLANG_CXX_LANGUAGE_STANDARD = "gnu++0x";
				CLANG_CXX_LIBRARY = "libc++";
				CLANG_ENABLE_MODULES = YES;
				CLANG_ENABLE_OBJC_ARC = YES;
				CLANG_WARN_BOOL_CONVERSION = YES;
				CLANG_WARN_CONSTANT_CONVERSION = YES;
				CLANG_WARN_DIRECT_OBJC_ISA_USAGE = YES_ERROR;
				CLANG_WARN_EMPTY_BODY = YES;
				CLANG_WARN_ENUM_CONVERSION = YES;
				CLANG_WARN_INT_CONVERSION = YES;
				CLANG_WARN_OBJC_ROOT_CLASS = YES_ERROR;
				CLANG_WARN_UNREACHABLE_CODE = YES;
				CLANG_WARN__DUPLICATE_METHOD_MATCH = YES;
				"CODE_SIGN_IDENTITY[sdk=iphoneos*]" = "iPhone Developer";
				COPY_PHASE_STRIP = NO;
				DEBUG_INFORMATION_FORMAT = "dwarf-with-dsym";
				ENABLE_NS_ASSERTIONS = NO;
				ENABLE_STRICT_OBJC_MSGSEND = YES;
				GCC_C_LANGUAGE_STANDARD = gnu99;
				GCC_NO_COMMON_BLOCKS = YES;
				GCC_WARN_64_TO_32_BIT_CONVERSION = YES;
				GCC_WARN_ABOUT_RETURN_TYPE = YES_ERROR;
				GCC_WARN_UNDECLARED_SELECTOR = YES;
				GCC_WARN_UNINITIALIZED_AUTOS = YES_AGGRESSIVE;
				GCC_WARN_UNUSED_FUNCTION = YES;
				GCC_WARN_UNUSED_VARIABLE = YES;
				IPHONEOS_DEPLOYMENT_TARGET = 9.3;
				MTL_ENABLE_DEBUG_INFO = NO;
				SDKROOT = iphoneos;
				VALIDATE_PRODUCT = YES;
			};
			name = Release;
		};
		86A7CBC11D5E0E22004721A9 /* Debug */ = {
			isa = XCBuildConfiguration;
			buildSettings = {
				ASSETCATALOG_COMPILER_APPICON_NAME = AppIcon;
				INFOPLIST_FILE = "VKATTextFieldExample-Swift/Info.plist";
				IPHONEOS_DEPLOYMENT_TARGET = 8.0;
				LD_RUNPATH_SEARCH_PATHS = "$(inherited) @executable_path/Frameworks";
				PRODUCT_BUNDLE_IDENTIFIER = "com.woopss.VKATTextFieldExample-Swift";
				PRODUCT_NAME = "$(TARGET_NAME)";
			};
			name = Debug;
		};
		86A7CBC21D5E0E22004721A9 /* Release */ = {
			isa = XCBuildConfiguration;
			buildSettings = {
				ASSETCATALOG_COMPILER_APPICON_NAME = AppIcon;
				INFOPLIST_FILE = "VKATTextFieldExample-Swift/Info.plist";
				IPHONEOS_DEPLOYMENT_TARGET = 8.0;
				LD_RUNPATH_SEARCH_PATHS = "$(inherited) @executable_path/Frameworks";
				PRODUCT_BUNDLE_IDENTIFIER = "com.woopss.VKATTextFieldExample-Swift";
				PRODUCT_NAME = "$(TARGET_NAME)";
			};
			name = Release;
		};
/* End XCBuildConfiguration section */

/* Begin XCConfigurationList section */
		86A7CBA91D5E0E21004721A9 /* Build configuration list for PBXProject "VKATTextFieldExample-Swift" */ = {
			isa = XCConfigurationList;
			buildConfigurations = (
				86A7CBBE1D5E0E22004721A9 /* Debug */,
				86A7CBBF1D5E0E22004721A9 /* Release */,
			);
			defaultConfigurationIsVisible = 0;
			defaultConfigurationName = Release;
		};
		86A7CBC01D5E0E22004721A9 /* Build configuration list for PBXNativeTarget "VKATTextFieldExample-Swift" */ = {
			isa = XCConfigurationList;
			buildConfigurations = (
				86A7CBC11D5E0E22004721A9 /* Debug */,
				86A7CBC21D5E0E22004721A9 /* Release */,
			);
			defaultConfigurationIsVisible = 0;
		};
/* End XCConfigurationList section */
	};
	rootObject = 86A7CBA61D5E0E21004721A9 /* Project object */;
}
