// !$*UTF8*$!
{
	archiveVersion = 1;
	classes = {
	};
	objectVersion = 46;
	objects = {

/* Begin PBXBuildFile section */
		863834041D5C965100C51DAE /* main.m in Sources */ = {isa = PBXBuildFile; fileRef = 863834031D5C965100C51DAE /* main.m */; };
		863834071D5C965100C51DAE /* AppDelegate.m in Sources */ = {isa = PBXBuildFile; fileRef = 863834061D5C965100C51DAE /* AppDelegate.m */; };
		8638340A1D5C965100C51DAE /* ViewController.m in Sources */ = {isa = PBXBuildFile; fileRef = 863834091D5C965100C51DAE /* ViewController.m */; };
		8638340D1D5C965100C51DAE /* Main.storyboard in Resources */ = {isa = PBXBuildFile; fileRef = 8638340B1D5C965100C51DAE /* Main.storyboard */; };
		8638340F1D5C965100C51DAE /* Assets.xcassets in Resources */ = {isa = PBXBuildFile; fileRef = 8638340E1D5C965100C51DAE /* Assets.xcassets */; };
		863834121D5C965100C51DAE /* LaunchScreen.storyboard in Resources */ = {isa = PBXBuildFile; fileRef = 863834101D5C965100C51DAE /* LaunchScreen.storyboard */; };
		8638341B1D5C968B00C51DAE /* VKAfterTimeTextField.m in Sources */ = {isa = PBXBuildFile; fileRef = 8638341A1D5C968B00C51DAE /* VKAfterTimeTextField.m */; };
/* End PBXBuildFile section */

/* Begin PBXFileReference section */
		863833FF1D5C965100C51DAE /* VKATTestFieldExample.app */ = {isa = PBXFileReference; explicitFileType = wrapper.application; includeInIndex = 0; path = VKATTestFieldExample.app; sourceTree = BUILT_PRODUCTS_DIR; };
		863834031D5C965100C51DAE /* main.m */ = {isa = PBXFileReference; lastKnownFileType = sourcecode.c.objc; path = main.m; sourceTree = "<group>"; };
		863834051D5C965100C51DAE /* AppDelegate.h */ = {isa = PBXFileReference; lastKnownFileType = sourcecode.c.h; path = AppDelegate.h; sourceTree = "<group>"; };
		863834061D5C965100C51DAE /* AppDelegate.m */ = {isa = PBXFileReference; lastKnownFileType = sourcecode.c.objc; path = AppDelegate.m; sourceTree = "<group>"; };
		863834081D5C965100C51DAE /* ViewController.h */ = {isa = PBXFileReference; lastKnownFileType = sourcecode.c.h; path = ViewController.h; sourceTree = "<group>"; };
		863834091D5C965100C51DAE /* ViewController.m */ = {isa = PBXFileReference; lastKnownFileType = sourcecode.c.objc; path = ViewController.m; sourceTree = "<group>"; };
		8638340C1D5C965100C51DAE /* Base */ = {isa = PBXFileReference; lastKnownFileType = file.storyboard; name = Base; path = Base.lproj/Main.storyboard; sourceTree = "<group>"; };
		8638340E1D5C965100C51DAE /* Assets.xcassets */ = {isa = PBXFileReference; lastKnownFileType = folder.assetcatalog; path = Assets.xcassets; sourceTree = "<group>"; };
		863834111D5C965100C51DAE /* Base */ = {isa = PBXFileReference; lastKnownFileType = file.storyboard; name = Base; path = Base.lproj/LaunchScreen.storyboard; sourceTree = "<group>"; };
		863834131D5C965100C51DAE /* Info.plist */ = {isa = PBXFileReference; lastKnownFileType = text.plist.xml; path = Info.plist; sourceTree = "<group>"; };
		863834191D5C968B00C51DAE /* VKAfterTimeTextField.h */ = {isa = PBXFileReference; fileEncoding = 4; lastKnownFileType = sourcecode.c.h; name = VKAfterTimeTextField.h; path = "../../Objective-C/VKAfterTimeTextField.h"; sourceTree = "<group>"; };
		8638341A1D5C968B00C51DAE /* VKAfterTimeTextField.m */ = {isa = PBXFileReference; fileEncoding = 4; lastKnownFileType = sourcecode.c.objc; name = VKAfterTimeTextField.m; path = "../../Objective-C/VKAfterTimeTextField.m"; sourceTree = "<group>"; };
/* End PBXFileReference section */

/* Begin PBXFrameworksBuildPhase section */
		863833FC1D5C965100C51DAE /* Frameworks */ = {
			isa = PBXFrameworksBuildPhase;
			buildActionMask = 2147483647;
			files = (
			);
			runOnlyForDeploymentPostprocessing = 0;
		};
/* End PBXFrameworksBuildPhase section */

/* Begin PBXGroup section */
		863833F61D5C965100C51DAE = {
			isa = PBXGroup;
			children = (
				863834011D5C965100C51DAE /* VKATTestFieldExample */,
				863834001D5C965100C51DAE /* Products */,
			);
			sourceTree = "<group>";
		};
		863834001D5C965100C51DAE /* Products */ = {
			isa = PBXGroup;
			children = (
				863833FF1D5C965100C51DAE /* VKATTestFieldExample.app */,
			);
			name = Products;
			sourceTree = "<group>";
		};
		863834011D5C965100C51DAE /* VKATTestFieldExample */ = {
			isa = PBXGroup;
			children = (
				863834051D5C965100C51DAE /* AppDelegate.h */,
				863834061D5C965100C51DAE /* AppDelegate.m */,
				863834081D5C965100C51DAE /* ViewController.h */,
				863834091D5C965100C51DAE /* ViewController.m */,
				863834191D5C968B00C51DAE /* VKAfterTimeTextField.h */,
				8638341A1D5C968B00C51DAE /* VKAfterTimeTextField.m */,
				8638340B1D5C965100C51DAE /* Main.storyboard */,
				8638340E1D5C965100C51DAE /* Assets.xcassets */,
				863834101D5C965100C51DAE /* LaunchScreen.storyboard */,
				863834131D5C965100C51DAE /* Info.plist */,
				863834021D5C965100C51DAE /* Supporting Files */,
			);
			path = VKATTestFieldExample;
			sourceTree = "<group>";
		};
		863834021D5C965100C51DAE /* Supporting Files */ = {
			isa = PBXGroup;
			children = (
				863834031D5C965100C51DAE /* main.m */,
			);
			name = "Supporting Files";
			sourceTree = "<group>";
		};
/* End PBXGroup section */

/* Begin PBXNativeTarget section */
		863833FE1D5C965100C51DAE /* VKATTestFieldExample */ = {
			isa = PBXNativeTarget;
			buildConfigurationList = 863834161D5C965100C51DAE /* Build configuration list for PBXNativeTarget "VKATTestFieldExample" */;
			buildPhases = (
				863833FB1D5C965100C51DAE /* Sources */,
				863833FC1D5C965100C51DAE /* Frameworks */,
				863833FD1D5C965100C51DAE /* Resources */,
			);
			buildRules = (
			);
			dependencies = (
			);
			name = VKATTestFieldExample;
			productName = VKATTestFieldExample;
			productReference = 863833FF1D5C965100C51DAE /* VKATTestFieldExample.app */;
			productType = "com.apple.product-type.application";
		};
/* End PBXNativeTarget section */

/* Begin PBXProject section */
		863833F71D5C965100C51DAE /* Project object */ = {
			isa = PBXProject;
			attributes = {
				LastUpgradeCheck = 0730;
				ORGANIZATIONNAME = "Vladislav Kovalyov";
				TargetAttributes = {
					863833FE1D5C965100C51DAE = {
						CreatedOnToolsVersion = 7.3.1;
					};
				};
			};
			buildConfigurationList = 863833FA1D5C965100C51DAE /* Build configuration list for PBXProject "VKATTestFieldExample" */;
			compatibilityVersion = "Xcode 3.2";
			developmentRegion = English;
			hasScannedForEncodings = 0;
			knownRegions = (
				en,
				Base,
			);
			mainGroup = 863833F61D5C965100C51DAE;
			productRefGroup = 863834001D5C965100C51DAE /* Products */;
			projectDirPath = "";
			projectRoot = "";
			targets = (
				863833FE1D5C965100C51DAE /* VKATTestFieldExample */,
			);
		};
/* End PBXProject section */

/* Begin PBXResourcesBuildPhase section */
		863833FD1D5C965100C51DAE /* Resources */ = {
			isa = PBXResourcesBuildPhase;
			buildActionMask = 2147483647;
			files = (
				863834121D5C965100C51DAE /* LaunchScreen.storyboard in Resources */,
				8638340F1D5C965100C51DAE /* Assets.xcassets in Resources */,
				8638340D1D5C965100C51DAE /* Main.storyboard in Resources */,
			);
			runOnlyForDeploymentPostprocessing = 0;
		};
/* End PBXResourcesBuildPhase section */

/* Begin PBXSourcesBuildPhase section */
		863833FB1D5C965100C51DAE /* Sources */ = {
			isa = PBXSourcesBuildPhase;
			buildActionMask = 2147483647;
			files = (
				8638341B1D5C968B00C51DAE /* VKAfterTimeTextField.m in Sources */,
				8638340A1D5C965100C51DAE /* ViewController.m in Sources */,
				863834071D5C965100C51DAE /* AppDelegate.m in Sources */,
				863834041D5C965100C51DAE /* main.m in Sources */,
			);
			runOnlyForDeploymentPostprocessing = 0;
		};
/* End PBXSourcesBuildPhase section */

/* Begin PBXVariantGroup section */
		8638340B1D5C965100C51DAE /* Main.storyboard */ = {
			isa = PBXVariantGroup;
			children = (
				8638340C1D5C965100C51DAE /* Base */,
			);
			name = Main.storyboard;
			sourceTree = "<group>";
		};
		863834101D5C965100C51DAE /* LaunchScreen.storyboard */ = {
			isa = PBXVariantGroup;
			children = (
				863834111D5C965100C51DAE /* Base */,
			);
			name = LaunchScreen.storyboard;
			sourceTree = "<group>";
		};
/* End PBXVariantGroup section */

/* Begin XCBuildConfiguration section */
		863834141D5C965100C51DAE /* Debug */ = {
			isa = XCBuildConfiguration;
			buildSettings = {
				ALWAYS_SEARCH_USER_PATHS = NO;
				CLANG_ANALYZER_NONNULL = YES;
				CLANG_CXX_LANGUAGE_STANDARD = "gnu++0x";
				CLANG_CXX_LIBRARY = "libc++";
				CLANG_ENABLE_MODULES = YES;
				CLANG_ENABLE_OBJC_ARC = YES;
				CLANG_WARN_BOOL_CONVERSION = YES;
				CLANG_WARN_CONSTANT_CONVERSION = YES;
				CLANG_WARN_DIRECT_OBJC_ISA_USAGE = YES_ERROR;
				CLANG_WARN_EMPTY_BODY = YES;
				CLANG_WARN_ENUM_CONVERSION = YES;
				CLANG_WARN_INT_CONVERSION = YES;
				CLANG_WARN_OBJC_ROOT_CLASS = YES_ERROR;
				CLANG_WARN_UNREACHABLE_CODE = YES;
				CLANG_WARN__DUPLICATE_METHOD_MATCH = YES;
				"CODE_SIGN_IDENTITY[sdk=iphoneos*]" = "iPhone Developer";
				COPY_PHASE_STRIP = NO;
				DEBUG_INFORMATION_FORMAT = dwarf;
				ENABLE_STRICT_OBJC_MSGSEND = YES;
				ENABLE_TESTABILITY = YES;
				GCC_C_LANGUAGE_STANDARD = gnu99;
				GCC_DYNAMIC_NO_PIC = NO;
				GCC_NO_COMMON_BLOCKS = YES;
				GCC_OPTIMIZATION_LEVEL = 0;
				GCC_PREPROCESSOR_DEFINITIONS = (
					"DEBUG=1",
					"$(inherited)",
				);
				GCC_WARN_64_TO_32_BIT_CONVERSION = YES;
				GCC_WARN_ABOUT_RETURN_TYPE = YES_ERROR;
				GCC_WARN_UNDECLARED_SELECTOR = YES;
				GCC_WARN_UNINITIALIZED_AUTOS = YES_AGGRESSIVE;
				GCC_WARN_UNUSED_FUNCTION = YES;
				GCC_WARN_UNUSED_VARIABLE = YES;
				IPHONEOS_DEPLOYMENT_TARGET = 9.3;
				MTL_ENABLE_DEBUG_INFO = YES;
				ONLY_ACTIVE_ARCH = YES;
				SDKROOT = iphoneos;
			};
			name = Debug;
		};
		863834151D5C965100C51DAE /* Release */ = {
			isa = XCBuildConfiguration;
			buildSettings = {
				ALWAYS_SEARCH_USER_PATHS = NO;
				CLANG_ANALYZER_NONNULL = YES;
				CLANG_CXX_LANGUAGE_STANDARD = "gnu++0x";
				CLANG_CXX_LIBRARY = "libc++";
				CLANG_ENABLE_MODULES = YES;
				CLANG_ENABLE_OBJC_ARC = YES;
				CLANG_WARN_BOOL_CONVERSION = YES;
				CLANG_WARN_CONSTANT_CONVERSION = YES;
				CLANG_WARN_DIRECT_OBJC_ISA_USAGE = YES_ERROR;
				CLANG_WARN_EMPTY_BODY = YES;
				CLANG_WARN_ENUM_CONVERSION = YES;
				CLANG_WARN_INT_CONVERSION = YES;
				CLANG_WARN_OBJC_ROOT_CLASS = YES_ERROR;
				CLANG_WARN_UNREACHABLE_CODE = YES;
				CLANG_WARN__DUPLICATE_METHOD_MATCH = YES;
				"CODE_SIGN_IDENTITY[sdk=iphoneos*]" = "iPhone Developer";
				COPY_PHASE_STRIP = NO;
				DEBUG_INFORMATION_FORMAT = "dwarf-with-dsym";
				ENABLE_NS_ASSERTIONS = NO;
				ENABLE_STRICT_OBJC_MSGSEND = YES;
				GCC_C_LANGUAGE_STANDARD = gnu99;
				GCC_NO_COMMON_BLOCKS = YES;
				GCC_WARN_64_TO_32_BIT_CONVERSION = YES;
				GCC_WARN_ABOUT_RETURN_TYPE = YES_ERROR;
				GCC_WARN_UNDECLARED_SELECTOR = YES;
				GCC_WARN_UNINITIALIZED_AUTOS = YES_AGGRESSIVE;
				GCC_WARN_UNUSED_FUNCTION = YES;
				GCC_WARN_UNUSED_VARIABLE = YES;
				IPHONEOS_DEPLOYMENT_TARGET = 9.3;
				MTL_ENABLE_DEBUG_INFO = NO;
				SDKROOT = iphoneos;
				VALIDATE_PRODUCT = YES;
			};
			name = Release;
		};
		863834171D5C965100C51DAE /* Debug */ = {
			isa = XCBuildConfiguration;
			buildSettings = {
				ASSETCATALOG_COMPILER_APPICON_NAME = AppIcon;
				INFOPLIST_FILE = VKATTestFieldExample/Info.plist;
				IPHONEOS_DEPLOYMENT_TARGET = 8.0;
				LD_RUNPATH_SEARCH_PATHS = "$(inherited) @executable_path/Frameworks";
				PRODUCT_BUNDLE_IDENTIFIER = com.woopss.VKATTestFieldExample;
				PRODUCT_NAME = "$(TARGET_NAME)";
			};
			name = Debug;
		};
		863834181D5C965100C51DAE /* Release */ = {
			isa = XCBuildConfiguration;
			buildSettings = {
				ASSETCATALOG_COMPILER_APPICON_NAME = AppIcon;
				INFOPLIST_FILE = VKATTestFieldExample/Info.plist;
				IPHONEOS_DEPLOYMENT_TARGET = 8.0;
				LD_RUNPATH_SEARCH_PATHS = "$(inherited) @executable_path/Frameworks";
				PRODUCT_BUNDLE_IDENTIFIER = com.woopss.VKATTestFieldExample;
				PRODUCT_NAME = "$(TARGET_NAME)";
			};
			name = Release;
		};
/* End XCBuildConfiguration section */

/* Begin XCConfigurationList section */
		863833FA1D5C965100C51DAE /* Build configuration list for PBXProject "VKATTestFieldExample" */ = {
			isa = XCConfigurationList;
			buildConfigurations = (
				863834141D5C965100C51DAE /* Debug */,
				863834151D5C965100C51DAE /* Release */,
			);
			defaultConfigurationIsVisible = 0;
			defaultConfigurationName = Release;
		};
		863834161D5C965100C51DAE /* Build configuration list for PBXNativeTarget "VKATTestFieldExample" */ = {
			isa = XCConfigurationList;
			buildConfigurations = (
				863834171D5C965100C51DAE /* Debug */,
				863834181D5C965100C51DAE /* Release */,
			);
			defaultConfigurationIsVisible = 0;
			defaultConfigurationName = Release;
		};
/* End XCConfigurationList section */
	};
	rootObject = 863833F71D5C965100C51DAE /* Project object */;
}
